
Microsoft Visual Studio Solution File, Format Version 12.00
# Visual Studio Version 17
VisualStudioVersion = 17.12.35527.113 d17.12
MinimumVisualStudioVersion = 10.0.40219.1
Project("{FAE04EC0-301F-11D3-BF4B-00C04F79EFBC}") = "PacktLibraryNet2", "PacktLibraryNet2\PacktLibraryNet2.csproj", "{20CF1EEA-D153-4BB7-964B-7E184D848418}"
EndProject
Project("{FAE04EC0-301F-11D3-BF4B-00C04F79EFBC}") = "PeopleApp", "PeopleApp\PeopleApp.csproj", "{0AA1F06A-63EE-4869-B24D-6A77E9DEB8F8}"
EndProject
Global
	GlobalSection(SolutionConfigurationPlatforms) = preSolution
		Debug|Any CPU = Debug|Any CPU
		Release|Any CPU = Release|Any CPU
	EndGlobalSection
	GlobalSection(ProjectConfigurationPlatforms) = postSolution
		{20CF1EEA-D153-4BB7-964B-7E184D848418}.Debug|Any CPU.ActiveCfg = Debug|Any CPU
		{20CF1EEA-D153-4BB7-964B-7E184D848418}.Debug|Any CPU.Build.0 = Debug|Any CPU
		{20CF1EEA-D153-4BB7-964B-7E184D848418}.Release|Any CPU.ActiveCfg = Release|Any CPU
		{20CF1EEA-D153-4BB7-964B-7E184D848418}.Release|Any CPU.Build.0 = Release|Any CPU
		{0AA1F06A-63EE-4869-B24D-6A77E9DEB8F8}.Debug|Any CPU.ActiveCfg = Debug|Any CPU
		{0AA1F06A-63EE-4869-B24D-6A77E9DEB8F8}.Debug|Any CPU.Build.0 = Debug|Any CPU
		{0AA1F06A-63EE-4869-B24D-6A77E9DEB8F8}.Release|Any CPU.ActiveCfg = Release|Any CPU
		{0AA1F06A-63EE-4869-B24D-6A77E9DEB8F8}.Release|Any CPU.Build.0 = Release|Any CPU
	EndGlobalSection
	GlobalSection(SolutionProperties) = preSolution
		HideSolutionNode = FALSE
	EndGlobalSection
EndGlobal
